
Microsoft Visual Studio Solution File, Format Version 12.00
# Visual Studio 15
VisualStudioVersion = 15.0.28307.902
MinimumVisualStudioVersion = 10.0.40219.1
Project("{9A19103F-16F7-4668-BE54-9A1E7A4F7556}") = "ModelLib", "Book\ModelLib.csproj", "{3B4B801E-E8DE-413D-8551-29A403DCFA54}"
EndProject
Project("{FAE04EC0-301F-11D3-BF4B-00C04F79EFBC}") = "RestOpgave4", "RestOpgave4\RestOpgave4.csproj", "{69D1261C-7BCD-4A07-BF7B-CDDC773D1928}"
EndProject
Global
	GlobalSection(SolutionConfigurationPlatforms) = preSolution
		Debug|Any CPU = Debug|Any CPU
		Release|Any CPU = Release|Any CPU
	EndGlobalSection
	GlobalSection(ProjectConfigurationPlatforms) = postSolution
		{3B4B801E-E8DE-413D-8551-29A403DCFA54}.Debug|Any CPU.ActiveCfg = Debug|Any CPU
		{3B4B801E-E8DE-413D-8551-29A403DCFA54}.Debug|Any CPU.Build.0 = Debug|Any CPU
		{3B4B801E-E8DE-413D-8551-29A403DCFA54}.Release|Any CPU.ActiveCfg = Release|Any CPU
		{3B4B801E-E8DE-413D-8551-29A403DCFA54}.Release|Any CPU.Build.0 = Release|Any CPU
		{69D1261C-7BCD-4A07-BF7B-CDDC773D1928}.Debug|Any CPU.ActiveCfg = Debug|Any CPU
		{69D1261C-7BCD-4A07-BF7B-CDDC773D1928}.Debug|Any CPU.Build.0 = Debug|Any CPU
		{69D1261C-7BCD-4A07-BF7B-CDDC773D1928}.Release|Any CPU.ActiveCfg = Release|Any CPU
		{69D1261C-7BCD-4A07-BF7B-CDDC773D1928}.Release|Any CPU.Build.0 = Release|Any CPU
	EndGlobalSection
	GlobalSection(SolutionProperties) = preSolution
		HideSolutionNode = FALSE
	EndGlobalSection
	GlobalSection(ExtensibilityGlobals) = postSolution
		SolutionGuid = {9BC65E09-9357-455C-84F5-3CD32FBE1DCE}
	EndGlobalSection
EndGlobal
